
Microsoft Visual Studio Solution File, Format Version 12.00
# Visual Studio Version 17
VisualStudioVersion = 17.4.33213.308
MinimumVisualStudioVersion = 10.0.40219.1
Project("{FAE04EC0-301F-11D3-BF4B-00C04F79EFBC}") = "Test_Project", "Test_Project\Test_Project.csproj", "{F6E82B59-2C30-4FC7-AEF2-D6C547E31F77}"
EndProject
Global
	GlobalSection(SolutionConfigurationPlatforms) = preSolution
		Debug|Any CPU = Debug|Any CPU
		Release|Any CPU = Release|Any CPU
	EndGlobalSection
	GlobalSection(ProjectConfigurationPlatforms) = postSolution
		{F6E82B59-2C30-4FC7-AEF2-D6C547E31F77}.Debug|Any CPU.ActiveCfg = Debug|Any CPU
		{F6E82B59-2C30-4FC7-AEF2-D6C547E31F77}.Debug|Any CPU.Build.0 = Debug|Any CPU
		{F6E82B59-2C30-4FC7-AEF2-D6C547E31F77}.Release|Any CPU.ActiveCfg = Release|Any CPU
		{F6E82B59-2C30-4FC7-AEF2-D6C547E31F77}.Release|Any CPU.Build.0 = Release|Any CPU
	EndGlobalSection
	GlobalSection(SolutionProperties) = preSolution
		HideSolutionNode = FALSE
	EndGlobalSection
	GlobalSection(ExtensibilityGlobals) = postSolution
		SolutionGuid = {E3EF4A1F-2210-49CE-A162-6474977B2040}
	EndGlobalSection
EndGlobal
